
Microsoft Visual Studio Solution File, Format Version 12.00
# Visual Studio Version 17
VisualStudioVersion = 17.3.32929.385
MinimumVisualStudioVersion = 10.0.40219.1
Project("{FAE04EC0-301F-11D3-BF4B-00C04F79EFBC}") = "LAB02_Zad3", "LAB02_Zad3.csproj", "{6A89014D-C66B-48EF-BB34-9AAD73DF5736}"
EndProject
Global
	GlobalSection(SolutionConfigurationPlatforms) = preSolution
		Debug|Any CPU = Debug|Any CPU
		Release|Any CPU = Release|Any CPU
	EndGlobalSection
	GlobalSection(ProjectConfigurationPlatforms) = postSolution
		{6A89014D-C66B-48EF-BB34-9AAD73DF5736}.Debug|Any CPU.ActiveCfg = Debug|Any CPU
		{6A89014D-C66B-48EF-BB34-9AAD73DF5736}.Debug|Any CPU.Build.0 = Debug|Any CPU
		{6A89014D-C66B-48EF-BB34-9AAD73DF5736}.Release|Any CPU.ActiveCfg = Release|Any CPU
		{6A89014D-C66B-48EF-BB34-9AAD73DF5736}.Release|Any CPU.Build.0 = Release|Any CPU
	EndGlobalSection
	GlobalSection(SolutionProperties) = preSolution
		HideSolutionNode = FALSE
	EndGlobalSection
	GlobalSection(ExtensibilityGlobals) = postSolution
		SolutionGuid = {8A87E5E8-E91C-42B3-8E04-E016D24360C6}
	EndGlobalSection
EndGlobal
